// !$*UTF8*$!
{
	archiveVersion = 1;
	classes = {
	};
	objectVersion = 56;
	objects = {

/* Begin PBXBuildFile section */
		BD1865282DA4ABBD0050379B /* NovelDataViewController.swift in Sources */ = {isa = PBXBuildFile; fileRef = BD1865272DA4ABBD0050379B /* NovelDataViewController.swift */; };
		BD599C612DA060CB00B723A1 /* AppDelegate.swift in Sources */ = {isa = PBXBuildFile; fileRef = BD599C602DA060CB00B723A1 /* AppDelegate.swift */; };
		BD599C632DA060CB00B723A1 /* SceneDelegate.swift in Sources */ = {isa = PBXBuildFile; fileRef = BD599C622DA060CB00B723A1 /* SceneDelegate.swift */; };
		BD599C682DA060CB00B723A1 /* Base in Resources */ = {isa = PBXBuildFile; fileRef = BD599C672DA060CB00B723A1 /* Base */; };
		BD599C6A2DA060CC00B723A1 /* Assets.xcassets in Resources */ = {isa = PBXBuildFile; fileRef = BD599C692DA060CC00B723A1 /* Assets.xcassets */; };
		BD599C6D2DA060CC00B723A1 /* Base in Resources */ = {isa = PBXBuildFile; fileRef = BD599C6C2DA060CC00B723A1 /* Base */; };
		BD599C752DA0635800B723A1 /* HelloModel.swift in Sources */ = {isa = PBXBuildFile; fileRef = BD599C742DA0635800B723A1 /* HelloModel.swift */; };
		BD599C772DA0661D00B723A1 /* APIManager.swift in Sources */ = {isa = PBXBuildFile; fileRef = BD599C762DA0661D00B723A1 /* APIManager.swift */; };
		BD599C792DA06C1B00B723A1 /* Models.swift in Sources */ = {isa = PBXBuildFile; fileRef = BD599C782DA06C1B00B723A1 /* Models.swift */; };
		BD599C7B2DA07B7800B723A1 /* NovelCell.swift in Sources */ = {isa = PBXBuildFile; fileRef = BD599C7A2DA07B7800B723A1 /* NovelCell.swift */; };
		BD599C7D2DA0815600B723A1 /* HomeTableViewController.swift in Sources */ = {isa = PBXBuildFile; fileRef = BD599C7C2DA0815600B723A1 /* HomeTableViewController.swift */; };
		BD599C7F2DA0939200B723A1 /* SearchTableViewController.swift in Sources */ = {isa = PBXBuildFile; fileRef = BD599C7E2DA0939200B723A1 /* SearchTableViewController.swift */; };
		BD599C812DA0ACEF00B723A1 /* ChapterViewController.swift in Sources */ = {isa = PBXBuildFile; fileRef = BD599C802DA0ACEF00B723A1 /* ChapterViewController.swift */; };
/* End PBXBuildFile section */

/* Begin PBXFileReference section */
		BD1865272DA4ABBD0050379B /* NovelDataViewController.swift */ = {isa = PBXFileReference; lastKnownFileType = sourcecode.swift; path = NovelDataViewController.swift; sourceTree = "<group>"; };
		BD599C5D2DA060CB00B723A1 /* NovelApp.app */ = {isa = PBXFileReference; explicitFileType = wrapper.application; includeInIndex = 0; path = NovelApp.app; sourceTree = BUILT_PRODUCTS_DIR; };
		BD599C602DA060CB00B723A1 /* AppDelegate.swift */ = {isa = PBXFileReference; lastKnownFileType = sourcecode.swift; path = AppDelegate.swift; sourceTree = "<group>"; };
		BD599C622DA060CB00B723A1 /* SceneDelegate.swift */ = {isa = PBXFileReference; lastKnownFileType = sourcecode.swift; path = SceneDelegate.swift; sourceTree = "<group>"; };
		BD599C672DA060CB00B723A1 /* Base */ = {isa = PBXFileReference; lastKnownFileType = file.storyboard; name = Base; path = Base.lproj/Main.storyboard; sourceTree = "<group>"; };
		BD599C692DA060CC00B723A1 /* Assets.xcassets */ = {isa = PBXFileReference; lastKnownFileType = folder.assetcatalog; path = Assets.xcassets; sourceTree = "<group>"; };
		BD599C6C2DA060CC00B723A1 /* Base */ = {isa = PBXFileReference; lastKnownFileType = file.storyboard; name = Base; path = Base.lproj/LaunchScreen.storyboard; sourceTree = "<group>"; };
		BD599C6E2DA060CC00B723A1 /* Info.plist */ = {isa = PBXFileReference; lastKnownFileType = text.plist.xml; path = Info.plist; sourceTree = "<group>"; };
		BD599C742DA0635800B723A1 /* HelloModel.swift */ = {isa = PBXFileReference; lastKnownFileType = sourcecode.swift; path = HelloModel.swift; sourceTree = "<group>"; };
		BD599C762DA0661D00B723A1 /* APIManager.swift */ = {isa = PBXFileReference; lastKnownFileType = sourcecode.swift; path = APIManager.swift; sourceTree = "<group>"; };
		BD599C782DA06C1B00B723A1 /* Models.swift */ = {isa = PBXFileReference; lastKnownFileType = sourcecode.swift; path = Models.swift; sourceTree = "<group>"; };
		BD599C7A2DA07B7800B723A1 /* NovelCell.swift */ = {isa = PBXFileReference; lastKnownFileType = sourcecode.swift; path = NovelCell.swift; sourceTree = "<group>"; };
		BD599C7C2DA0815600B723A1 /* HomeTableViewController.swift */ = {isa = PBXFileReference; lastKnownFileType = sourcecode.swift; path = HomeTableViewController.swift; sourceTree = "<group>"; };
		BD599C7E2DA0939200B723A1 /* SearchTableViewController.swift */ = {isa = PBXFileReference; lastKnownFileType = sourcecode.swift; path = SearchTableViewController.swift; sourceTree = "<group>"; };
		BD599C802DA0ACEF00B723A1 /* ChapterViewController.swift */ = {isa = PBXFileReference; lastKnownFileType = sourcecode.swift; path = ChapterViewController.swift; sourceTree = "<group>"; };
/* End PBXFileReference section */

/* Begin PBXFrameworksBuildPhase section */
		BD599C5A2DA060CB00B723A1 /* Frameworks */ = {
			isa = PBXFrameworksBuildPhase;
			buildActionMask = 2147483647;
			files = (
			);
			runOnlyForDeploymentPostprocessing = 0;
		};
/* End PBXFrameworksBuildPhase section */

/* Begin PBXGroup section */
		BD599C542DA060CA00B723A1 = {
			isa = PBXGroup;
			children = (
				BD599C5F2DA060CB00B723A1 /* NovelApp */,
				BD599C5E2DA060CB00B723A1 /* Products */,
			);
			sourceTree = "<group>";
		};
		BD599C5E2DA060CB00B723A1 /* Products */ = {
			isa = PBXGroup;
			children = (
				BD599C5D2DA060CB00B723A1 /* NovelApp.app */,
			);
			name = Products;
			sourceTree = "<group>";
		};
		BD599C5F2DA060CB00B723A1 /* NovelApp */ = {
			isa = PBXGroup;
			children = (
				BD599C7A2DA07B7800B723A1 /* NovelCell.swift */,
				BD599C602DA060CB00B723A1 /* AppDelegate.swift */,
				BD599C622DA060CB00B723A1 /* SceneDelegate.swift */,
				BD599C662DA060CB00B723A1 /* Main.storyboard */,
				BD599C692DA060CC00B723A1 /* Assets.xcassets */,
				BD599C6B2DA060CC00B723A1 /* LaunchScreen.storyboard */,
				BD599C6E2DA060CC00B723A1 /* Info.plist */,
				BD599C742DA0635800B723A1 /* HelloModel.swift */,
				BD599C762DA0661D00B723A1 /* APIManager.swift */,
				BD599C782DA06C1B00B723A1 /* Models.swift */,
				BD599C7C2DA0815600B723A1 /* HomeTableViewController.swift */,
				BD599C7E2DA0939200B723A1 /* SearchTableViewController.swift */,
				BD599C802DA0ACEF00B723A1 /* ChapterViewController.swift */,
				BD1865272DA4ABBD0050379B /* NovelDataViewController.swift */,
			);
			path = NovelApp;
			sourceTree = "<group>";
		};
/* End PBXGroup section */

/* Begin PBXNativeTarget section */
		BD599C5C2DA060CB00B723A1 /* NovelApp */ = {
			isa = PBXNativeTarget;
			buildConfigurationList = BD599C712DA060CC00B723A1 /* Build configuration list for PBXNativeTarget "NovelApp" */;
			buildPhases = (
				BD599C592DA060CB00B723A1 /* Sources */,
				BD599C5A2DA060CB00B723A1 /* Frameworks */,
				BD599C5B2DA060CB00B723A1 /* Resources */,
			);
			buildRules = (
			);
			dependencies = (
			);
			name = NovelApp;
			productName = NovelApp;
			productReference = BD599C5D2DA060CB00B723A1 /* NovelApp.app */;
			productType = "com.apple.product-type.application";
		};
/* End PBXNativeTarget section */

/* Begin PBXProject section */
		BD599C552DA060CA00B723A1 /* Project object */ = {
			isa = PBXProject;
			attributes = {
				BuildIndependentTargetsInParallel = 1;
				LastSwiftUpdateCheck = 1540;
				LastUpgradeCheck = 1540;
				TargetAttributes = {
					BD599C5C2DA060CB00B723A1 = {
						CreatedOnToolsVersion = 15.4;
					};
				};
			};
			buildConfigurationList = BD599C582DA060CA00B723A1 /* Build configuration list for PBXProject "NovelApp" */;
			compatibilityVersion = "Xcode 14.0";
			developmentRegion = en;
			hasScannedForEncodings = 0;
			knownRegions = (
				en,
				Base,
			);
			mainGroup = BD599C542DA060CA00B723A1;
			productRefGroup = BD599C5E2DA060CB00B723A1 /* Products */;
			projectDirPath = "";
			projectRoot = "";
			targets = (
				BD599C5C2DA060CB00B723A1 /* NovelApp */,
			);
		};
/* End PBXProject section */

/* Begin PBXResourcesBuildPhase section */
		BD599C5B2DA060CB00B723A1 /* Resources */ = {
			isa = PBXResourcesBuildPhase;
			buildActionMask = 2147483647;
			files = (
				BD599C6A2DA060CC00B723A1 /* Assets.xcassets in Resources */,
				BD599C6D2DA060CC00B723A1 /* Base in Resources */,
				BD599C682DA060CB00B723A1 /* Base in Resources */,
			);
			runOnlyForDeploymentPostprocessing = 0;
		};
/* End PBXResourcesBuildPhase section */

/* Begin PBXSourcesBuildPhase section */
		BD599C592DA060CB00B723A1 /* Sources */ = {
			isa = PBXSourcesBuildPhase;
			buildActionMask = 2147483647;
			files = (
				BD599C812DA0ACEF00B723A1 /* ChapterViewController.swift in Sources */,
				BD1865282DA4ABBD0050379B /* NovelDataViewController.swift in Sources */,
				BD599C7D2DA0815600B723A1 /* HomeTableViewController.swift in Sources */,
				BD599C7F2DA0939200B723A1 /* SearchTableViewController.swift in Sources */,
				BD599C7B2DA07B7800B723A1 /* NovelCell.swift in Sources */,
				BD599C792DA06C1B00B723A1 /* Models.swift in Sources */,
				BD599C752DA0635800B723A1 /* HelloModel.swift in Sources */,
				BD599C772DA0661D00B723A1 /* APIManager.swift in Sources */,
				BD599C612DA060CB00B723A1 /* AppDelegate.swift in Sources */,
				BD599C632DA060CB00B723A1 /* SceneDelegate.swift in Sources */,
			);
			runOnlyForDeploymentPostprocessing = 0;
		};
/* End PBXSourcesBuildPhase section */

/* Begin PBXVariantGroup section */
		BD599C662DA060CB00B723A1 /* Main.storyboard */ = {
			isa = PBXVariantGroup;
			children = (
				BD599C672DA060CB00B723A1 /* Base */,
			);
			name = Main.storyboard;
			sourceTree = "<group>";
		};
		BD599C6B2DA060CC00B723A1 /* LaunchScreen.storyboard */ = {
			isa = PBXVariantGroup;
			children = (
				BD599C6C2DA060CC00B723A1 /* Base */,
			);
			name = LaunchScreen.storyboard;
			sourceTree = "<group>";
		};
/* End PBXVariantGroup section */

/* Begin XCBuildConfiguration section */
		BD599C6F2DA060CC00B723A1 /* Debug */ = {
			isa = XCBuildConfiguration;
			buildSettings = {
				ALWAYS_SEARCH_USER_PATHS = NO;
				ASSETCATALOG_COMPILER_GENERATE_SWIFT_ASSET_SYMBOL_EXTENSIONS = YES;
				CLANG_ANALYZER_NONNULL = YES;
				CLANG_ANALYZER_NUMBER_OBJECT_CONVERSION = YES_AGGRESSIVE;
				CLANG_CXX_LANGUAGE_STANDARD = "gnu++20";
				CLANG_ENABLE_MODULES = YES;
				CLANG_ENABLE_OBJC_ARC = YES;
				CLANG_ENABLE_OBJC_WEAK = YES;
				CLANG_WARN_BLOCK_CAPTURE_AUTORELEASING = YES;
				CLANG_WARN_BOOL_CONVERSION = YES;
				CLANG_WARN_COMMA = YES;
				CLANG_WARN_CONSTANT_CONVERSION = YES;
				CLANG_WARN_DEPRECATED_OBJC_IMPLEMENTATIONS = YES;
				CLANG_WARN_DIRECT_OBJC_ISA_USAGE = YES_ERROR;
				CLANG_WARN_DOCUMENTATION_COMMENTS = YES;
				CLANG_WARN_EMPTY_BODY = YES;
				CLANG_WARN_ENUM_CONVERSION = YES;
				CLANG_WARN_INFINITE_RECURSION = YES;
				CLANG_WARN_INT_CONVERSION = YES;
				CLANG_WARN_NON_LITERAL_NULL_CONVERSION = YES;
				CLANG_WARN_OBJC_IMPLICIT_RETAIN_SELF = YES;
				CLANG_WARN_OBJC_LITERAL_CONVERSION = YES;
				CLANG_WARN_OBJC_ROOT_CLASS = YES_ERROR;
				CLANG_WARN_QUOTED_INCLUDE_IN_FRAMEWORK_HEADER = YES;
				CLANG_WARN_RANGE_LOOP_ANALYSIS = YES;
				CLANG_WARN_STRICT_PROTOTYPES = YES;
				CLANG_WARN_SUSPICIOUS_MOVE = YES;
				CLANG_WARN_UNGUARDED_AVAILABILITY = YES_AGGRESSIVE;
				CLANG_WARN_UNREACHABLE_CODE = YES;
				CLANG_WARN__DUPLICATE_METHOD_MATCH = YES;
				COPY_PHASE_STRIP = NO;
				DEBUG_INFORMATION_FORMAT = dwarf;
				ENABLE_STRICT_OBJC_MSGSEND = YES;
				ENABLE_TESTABILITY = YES;
				ENABLE_USER_SCRIPT_SANDBOXING = YES;
				GCC_C_LANGUAGE_STANDARD = gnu17;
				GCC_DYNAMIC_NO_PIC = NO;
				GCC_NO_COMMON_BLOCKS = YES;
				GCC_OPTIMIZATION_LEVEL = 0;
				GCC_PREPROCESSOR_DEFINITIONS = (
					"DEBUG=1",
					"$(inherited)",
				);
				GCC_WARN_64_TO_32_BIT_CONVERSION = YES;
				GCC_WARN_ABOUT_RETURN_TYPE = YES_ERROR;
				GCC_WARN_UNDECLARED_SELECTOR = YES;
				GCC_WARN_UNINITIALIZED_AUTOS = YES_AGGRESSIVE;
				GCC_WARN_UNUSED_FUNCTION = YES;
				GCC_WARN_UNUSED_VARIABLE = YES;
				IPHONEOS_DEPLOYMENT_TARGET = 17.5;
				LOCALIZATION_PREFERS_STRING_CATALOGS = YES;
				MTL_ENABLE_DEBUG_INFO = INCLUDE_SOURCE;
				MTL_FAST_MATH = YES;
				ONLY_ACTIVE_ARCH = YES;
				SDKROOT = iphoneos;
				SWIFT_ACTIVE_COMPILATION_CONDITIONS = "DEBUG $(inherited)";
				SWIFT_OPTIMIZATION_LEVEL = "-Onone";
			};
			name = Debug;
		};
		BD599C702DA060CC00B723A1 /* Release */ = {
			isa = XCBuildConfiguration;
			buildSettings = {
				ALWAYS_SEARCH_USER_PATHS = NO;
				ASSETCATALOG_COMPILER_GENERATE_SWIFT_ASSET_SYMBOL_EXTENSIONS = YES;
				CLANG_ANALYZER_NONNULL = YES;
				CLANG_ANALYZER_NUMBER_OBJECT_CONVERSION = YES_AGGRESSIVE;
				CLANG_CXX_LANGUAGE_STANDARD = "gnu++20";
				CLANG_ENABLE_MODULES = YES;
				CLANG_ENABLE_OBJC_ARC = YES;
				CLANG_ENABLE_OBJC_WEAK = YES;
				CLANG_WARN_BLOCK_CAPTURE_AUTORELEASING = YES;
				CLANG_WARN_BOOL_CONVERSION = YES;
				CLANG_WARN_COMMA = YES;
				CLANG_WARN_CONSTANT_CONVERSION = YES;
				CLANG_WARN_DEPRECATED_OBJC_IMPLEMENTATIONS = YES;
				CLANG_WARN_DIRECT_OBJC_ISA_USAGE = YES_ERROR;
				CLANG_WARN_DOCUMENTATION_COMMENTS = YES;
				CLANG_WARN_EMPTY_BODY = YES;
				CLANG_WARN_ENUM_CONVERSION = YES;
				CLANG_WARN_INFINITE_RECURSION = YES;
				CLANG_WARN_INT_CONVERSION = YES;
				CLANG_WARN_NON_LITERAL_NULL_CONVERSION = YES;
				CLANG_WARN_OBJC_IMPLICIT_RETAIN_SELF = YES;
				CLANG_WARN_OBJC_LITERAL_CONVERSION = YES;
				CLANG_WARN_OBJC_ROOT_CLASS = YES_ERROR;
				CLANG_WARN_QUOTED_INCLUDE_IN_FRAMEWORK_HEADER = YES;
				CLANG_WARN_RANGE_LOOP_ANALYSIS = YES;
				CLANG_WARN_STRICT_PROTOTYPES = YES;
				CLANG_WARN_SUSPICIOUS_MOVE = YES;
				CLANG_WARN_UNGUARDED_AVAILABILITY = YES_AGGRESSIVE;
				CLANG_WARN_UNREACHABLE_CODE = YES;
				CLANG_WARN__DUPLICATE_METHOD_MATCH = YES;
				COPY_PHASE_STRIP = NO;
				DEBUG_INFORMATION_FORMAT = "dwarf-with-dsym";
				ENABLE_NS_ASSERTIONS = NO;
				ENABLE_STRICT_OBJC_MSGSEND = YES;
				ENABLE_USER_SCRIPT_SANDBOXING = YES;
				GCC_C_LANGUAGE_STANDARD = gnu17;
				GCC_NO_COMMON_BLOCKS = YES;
				GCC_WARN_64_TO_32_BIT_CONVERSION = YES;
				GCC_WARN_ABOUT_RETURN_TYPE = YES_ERROR;
				GCC_WARN_UNDECLARED_SELECTOR = YES;
				GCC_WARN_UNINITIALIZED_AUTOS = YES_AGGRESSIVE;
				GCC_WARN_UNUSED_FUNCTION = YES;
				GCC_WARN_UNUSED_VARIABLE = YES;
				IPHONEOS_DEPLOYMENT_TARGET = 17.5;
				LOCALIZATION_PREFERS_STRING_CATALOGS = YES;
				MTL_ENABLE_DEBUG_INFO = NO;
				MTL_FAST_MATH = YES;
				SDKROOT = iphoneos;
				SWIFT_COMPILATION_MODE = wholemodule;
				VALIDATE_PRODUCT = YES;
			};
			name = Release;
		};
		BD599C722DA060CC00B723A1 /* Debug */ = {
			isa = XCBuildConfiguration;
			buildSettings = {
				ASSETCATALOG_COMPILER_APPICON_NAME = AppIcon;
				ASSETCATALOG_COMPILER_GLOBAL_ACCENT_COLOR_NAME = AccentColor;
				CODE_SIGN_STYLE = Automatic;
				CURRENT_PROJECT_VERSION = 1;
				GENERATE_INFOPLIST_FILE = YES;
				INFOPLIST_FILE = NovelApp/Info.plist;
				INFOPLIST_KEY_UIApplicationSupportsIndirectInputEvents = YES;
				INFOPLIST_KEY_UILaunchStoryboardName = LaunchScreen;
				INFOPLIST_KEY_UIMainStoryboardFile = Main;
				INFOPLIST_KEY_UISupportedInterfaceOrientations_iPad = "UIInterfaceOrientationPortrait UIInterfaceOrientationPortraitUpsideDown UIInterfaceOrientationLandscapeLeft UIInterfaceOrientationLandscapeRight";
				INFOPLIST_KEY_UISupportedInterfaceOrientations_iPhone = "UIInterfaceOrientationPortrait UIInterfaceOrientationLandscapeLeft UIInterfaceOrientationLandscapeRight";
				LD_RUNPATH_SEARCH_PATHS = (
					"$(inherited)",
					"@executable_path/Frameworks",
				);
				MARKETING_VERSION = 1.0;
				PRODUCT_BUNDLE_IDENTIFIER = com.arch.NovelApp;
				PRODUCT_NAME = "$(TARGET_NAME)";
				SWIFT_EMIT_LOC_STRINGS = YES;
				SWIFT_VERSION = 5.0;
				TARGETED_DEVICE_FAMILY = "1,2";
			};
			name = Debug;
		};
		BD599C732DA060CC00B723A1 /* Release */ = {
			isa = XCBuildConfiguration;
			buildSettings = {
				ASSETCATALOG_COMPILER_APPICON_NAME = AppIcon;
				ASSETCATALOG_COMPILER_GLOBAL_ACCENT_COLOR_NAME = AccentColor;
				CODE_SIGN_STYLE = Automatic;
				CURRENT_PROJECT_VERSION = 1;
				GENERATE_INFOPLIST_FILE = YES;
				INFOPLIST_FILE = NovelApp/Info.plist;
				INFOPLIST_KEY_UIApplicationSupportsIndirectInputEvents = YES;
				INFOPLIST_KEY_UILaunchStoryboardName = LaunchScreen;
				INFOPLIST_KEY_UIMainStoryboardFile = Main;
				INFOPLIST_KEY_UISupportedInterfaceOrientations_iPad = "UIInterfaceOrientationPortrait UIInterfaceOrientationPortraitUpsideDown UIInterfaceOrientationLandscapeLeft UIInterfaceOrientationLandscapeRight";
				INFOPLIST_KEY_UISupportedInterfaceOrientations_iPhone = "UIInterfaceOrientationPortrait UIInterfaceOrientationLandscapeLeft UIInterfaceOrientationLandscapeRight";
				LD_RUNPATH_SEARCH_PATHS = (
					"$(inherited)",
					"@executable_path/Frameworks",
				);
				MARKETING_VERSION = 1.0;
				PRODUCT_BUNDLE_IDENTIFIER = com.arch.NovelApp;
				PRODUCT_NAME = "$(TARGET_NAME)";
				SWIFT_EMIT_LOC_STRINGS = YES;
				SWIFT_VERSION = 5.0;
				TARGETED_DEVICE_FAMILY = "1,2";
			};
			name = Release;
		};
/* End XCBuildConfiguration section */

/* Begin XCConfigurationList section */
		BD599C582DA060CA00B723A1 /* Build configuration list for PBXProject "NovelApp" */ = {
			isa = XCConfigurationList;
			buildConfigurations = (
				BD599C6F2DA060CC00B723A1 /* Debug */,
				BD599C702DA060CC00B723A1 /* Release */,
			);
			defaultConfigurationIsVisible = 0;
			defaultConfigurationName = Release;
		};
		BD599C712DA060CC00B723A1 /* Build configuration list for PBXNativeTarget "NovelApp" */ = {
			isa = XCConfigurationList;
			buildConfigurations = (
				BD599C722DA060CC00B723A1 /* Debug */,
				BD599C732DA060CC00B723A1 /* Release */,
			);
			defaultConfigurationIsVisible = 0;
			defaultConfigurationName = Release;
		};
/* End XCConfigurationList section */
	};
	rootObject = BD599C552DA060CA00B723A1 /* Project object */;
}
